
Microsoft Visual Studio Solution File, Format Version 12.00
# Visual Studio Version 17
VisualStudioVersion = 17.1.32407.343
MinimumVisualStudioVersion = 10.0.40219.1
Project("{9A19103F-16F7-4668-BE54-9A1E7A4F7556}") = "Task3", "Task3\Task3.csproj", "{39C4AE67-6CF5-4E99-8FAD-6889450F73F7}"
EndProject
Project("{FAE04EC0-301F-11D3-BF4B-00C04F79EFBC}") = "Task3Test", "Task3Test\Task3Test.csproj", "{E440F0AF-635C-4BA8-BC05-B068C1E29B91}"
EndProject
Global
	GlobalSection(SolutionConfigurationPlatforms) = preSolution
		Debug|Any CPU = Debug|Any CPU
		Release|Any CPU = Release|Any CPU
	EndGlobalSection
	GlobalSection(ProjectConfigurationPlatforms) = postSolution
		{39C4AE67-6CF5-4E99-8FAD-6889450F73F7}.Debug|Any CPU.ActiveCfg = Debug|Any CPU
		{39C4AE67-6CF5-4E99-8FAD-6889450F73F7}.Debug|Any CPU.Build.0 = Debug|Any CPU
		{39C4AE67-6CF5-4E99-8FAD-6889450F73F7}.Release|Any CPU.ActiveCfg = Release|Any CPU
		{39C4AE67-6CF5-4E99-8FAD-6889450F73F7}.Release|Any CPU.Build.0 = Release|Any CPU
		{E440F0AF-635C-4BA8-BC05-B068C1E29B91}.Debug|Any CPU.ActiveCfg = Debug|Any CPU
		{E440F0AF-635C-4BA8-BC05-B068C1E29B91}.Debug|Any CPU.Build.0 = Debug|Any CPU
		{E440F0AF-635C-4BA8-BC05-B068C1E29B91}.Release|Any CPU.ActiveCfg = Release|Any CPU
		{E440F0AF-635C-4BA8-BC05-B068C1E29B91}.Release|Any CPU.Build.0 = Release|Any CPU
	EndGlobalSection
	GlobalSection(SolutionProperties) = preSolution
		HideSolutionNode = FALSE
	EndGlobalSection
	GlobalSection(ExtensibilityGlobals) = postSolution
		SolutionGuid = {CEB485EA-C695-4C15-A390-6249B91DA744}
	EndGlobalSection
EndGlobal
