
Microsoft Visual Studio Solution File, Format Version 12.00
# Visual Studio Version 17
VisualStudioVersion = 17.3.32819.101
MinimumVisualStudioVersion = 10.0.40219.1
Project("{9092AA53-FB77-4645-B42D-1CCCA6BD08BD}") = "SPATask", "SPATask\SPATask.njsproj", "{BF55F855-0E32-47A5-90E5-F7BDFF292913}"
EndProject
Global
	GlobalSection(SolutionConfigurationPlatforms) = preSolution
		Debug|Any CPU = Debug|Any CPU
		Release|Any CPU = Release|Any CPU
	EndGlobalSection
	GlobalSection(ProjectConfigurationPlatforms) = postSolution
		{BF55F855-0E32-47A5-90E5-F7BDFF292913}.Debug|Any CPU.ActiveCfg = Debug|Any CPU
		{BF55F855-0E32-47A5-90E5-F7BDFF292913}.Debug|Any CPU.Build.0 = Debug|Any CPU
		{BF55F855-0E32-47A5-90E5-F7BDFF292913}.Release|Any CPU.ActiveCfg = Release|Any CPU
		{BF55F855-0E32-47A5-90E5-F7BDFF292913}.Release|Any CPU.Build.0 = Release|Any CPU
	EndGlobalSection
	GlobalSection(SolutionProperties) = preSolution
		HideSolutionNode = FALSE
	EndGlobalSection
	GlobalSection(ExtensibilityGlobals) = postSolution
		SolutionGuid = {EA48109F-7B1C-4B7B-9A5E-0C81163D2AD6}
	EndGlobalSection
EndGlobal
